<?xml version="1.0" encoding="utf-8"?>
<Project ToolsVersion="4.0" xmlns="http://schemas.microsoft.com/developer/msbuild/2003">
	<ItemGroup>
		<Filter Include="ram">
			<UniqueIdentifier>{58D7A5D0-81EA-E74F-A566-BE5A9D6B8171}</UniqueIdentifier>
		</Filter>
		<Filter Include="ram\Core">
			<UniqueIdentifier>{7E385B54-5002-3147-930E-441CD0860914}</UniqueIdentifier>
		</Filter>
		<Filter Include="ram\Filter">
			<UniqueIdentifier>{7A8A0AFD-605C-DA42-A67F-5109B853D13B}</UniqueIdentifier>
		</Filter>
		<Filter Include="ram\Graphics">
			<UniqueIdentifier>{A5C242E7-D714-6E4A-9793-06DA8353C6E1}</UniqueIdentifier>
		</Filter>
		<Filter Include="ram\Physics">
			<UniqueIdentifier>{83D8AC63-15AA-CA4B-A541-929182D4C161}</UniqueIdentifier>
		</Filter>
		<Filter Include="ram\Scene">
			<UniqueIdentifier>{219EED5E-C101-784F-8933-23BA0C58BAEB}</UniqueIdentifier>
		</Filter>
		<Filter Include="ram\UI">
			<UniqueIdentifier>{1565712F-5C8F-B648-97D8-1B14820E3596}</UniqueIdentifier>
		</Filter>
		<Filter Include="ram\Utility">
			<UniqueIdentifier>{966BD663-2FB6-F54F-8E6E-965CCE180CBE}</UniqueIdentifier>
		</Filter>
		<Filter Include="addons">
			<UniqueIdentifier>{23B45DD0-60F3-6846-BDCB-221DA9740F1F}</UniqueIdentifier>
		</Filter>
		<Filter Include="addons\ofxBt">
			<UniqueIdentifier>{81CA0E86-AAD9-3F45-805E-1A4DFFD26EC8}</UniqueIdentifier>
		</Filter>
		<Filter Include="addons\ofxBt\src">
			<UniqueIdentifier>{06D13B5F-D202-F347-B58F-A71448D56A74}</UniqueIdentifier>
		</Filter>
		<Filter Include="addons\ofxInteractivePrimitives">
			<UniqueIdentifier>{7085AB59-11A5-E045-A137-D71D4E8F082E}</UniqueIdentifier>
		</Filter>
		<Filter Include="addons\ofxInteractivePrimitives\src">
			<UniqueIdentifier>{069C5DB1-3F75-B249-B28E-C8273556DCC6}</UniqueIdentifier>
		</Filter>
		<Filter Include="addons\ofxInteractivePrimitives\src\ui">
			<UniqueIdentifier>{B33E12B7-46B9-B046-BDEE-DCF96D0444CC}</UniqueIdentifier>
		</Filter>
	</ItemGroup>
	<ItemGroup>
		<ClInclude Include="..\..\ram\ramMain.h">
			<Filter>ram</Filter>
		</ClInclude>
		<ClInclude Include="..\..\ram\Core\ramActor.h">
			<Filter>ram\Core</Filter>
		</ClInclude>
		<ClInclude Include="..\..\ram\Core\ramActorManager.h">
			<Filter>ram\Core</Filter>
		</ClInclude>
		<ClInclude Include="..\..\ram\Core\ramBaseApp.h">
			<Filter>ram\Core</Filter>
		</ClInclude>
		<ClInclude Include="..\..\ram\Core\ramCameraManager.h">
			<Filter>ram\Core</Filter>
		</ClInclude>
		<ClInclude Include="..\..\ram\Core\ramConstants.h">
			<Filter>ram\Core</Filter>
		</ClInclude>
		<ClInclude Include="..\..\ram\Core\ramGlobalShortcut.h">
			<Filter>ram\Core</Filter>
		</ClInclude>
		<ClInclude Include="..\..\ram\Core\ramSharedData.h">
			<Filter>ram\Core</Filter>
		</ClInclude>
		<ClInclude Include="..\..\ram\Filter\ramAnalyzer.h">
			<Filter>ram\Filter</Filter>
		</ClInclude>
		<ClInclude Include="..\..\ram\Filter\ramBaseFilter.h">
			<Filter>ram\Filter</Filter>
		</ClInclude>
		<ClInclude Include="..\..\ram\Filter\ramExpansion.h">
			<Filter>ram\Filter</Filter>
		</ClInclude>
		<ClInclude Include="..\..\ram\Filter\ramGhost.h">
			<Filter>ram\Filter</Filter>
		</ClInclude>
		<ClInclude Include="..\..\ram\Filter\ramLowPassFilter.h">
			<Filter>ram\Filter</Filter>
		</ClInclude>
		<ClInclude Include="..\..\ram\Filter\ramNodeTransform.h">
			<Filter>ram\Filter</Filter>
		</ClInclude>
		<ClInclude Include="..\..\ram\Filter\ramPastMe.h">
			<Filter>ram\Filter</Filter>
		</ClInclude>
		<ClInclude Include="..\..\ram\Filter\ramPendulum.h">
			<Filter>ram\Filter</Filter>
		</ClInclude>
		<ClInclude Include="..\..\ram\Filter\ramSession.h">
			<Filter>ram\Filter</Filter>
		</ClInclude>
		<ClInclude Include="..\..\ram\Filter\ramStamp.h">
			<Filter>ram\Filter</Filter>
		</ClInclude>
		<ClInclude Include="..\..\ram\Filter\ramTimeFilter.h">
			<Filter>ram\Filter</Filter>
		</ClInclude>
		<ClInclude Include="..\..\ram\Filter\ramUpsideDown.h">
			<Filter>ram\Filter</Filter>
		</ClInclude>
		<ClInclude Include="..\..\ram\Graphics\ramGraphics.h">
			<Filter>ram\Graphics</Filter>
		</ClInclude>
		<ClInclude Include="..\..\ram\Graphics\ramGraphView.h">
			<Filter>ram\Graphics</Filter>
		</ClInclude>
		<ClInclude Include="..\..\ram\Graphics\ramNodeLine.h">
			<Filter>ram\Graphics</Filter>
		</ClInclude>
		<ClInclude Include="..\..\ram\Graphics\ramPrimitive.h">
			<Filter>ram\Graphics</Filter>
		</ClInclude>
		<ClInclude Include="..\..\ram\Graphics\ramSimpleShadow.h">
			<Filter>ram\Graphics</Filter>
		</ClInclude>
		<ClInclude Include="..\..\ram\Physics\ramPhysics.h">
			<Filter>ram\Physics</Filter>
		</ClInclude>
		<ClInclude Include="..\..\ram\Scene\ramBaseScene.h">
			<Filter>ram\Scene</Filter>
		</ClInclude>
		<ClInclude Include="..\..\ram\Scene\ramSceneManager.h">
			<Filter>ram\Scene</Filter>
		</ClInclude>
		<ClInclude Include="..\..\ram\UI\ramControllable.h">
			<Filter>ram\UI</Filter>
		</ClInclude>
		<ClInclude Include="..\..\ram\UI\ramControlPanel.h">
			<Filter>ram\UI</Filter>
		</ClInclude>
		<ClInclude Include="..\..\ram\UI\ramControlPanelBase.h">
			<Filter>ram\UI</Filter>
		</ClInclude>
		<ClInclude Include="..\..\ram\Utility\ramCameraSettings.h">
			<Filter>ram\Utility</Filter>
		</ClInclude>
		<ClInclude Include="..\..\ram\Utility\ramNodeArrayBuffer.h">
			<Filter>ram\Utility</Filter>
		</ClInclude>
		<ClInclude Include="..\..\ram\Utility\ramNodeFinder.h">
			<Filter>ram\Utility</Filter>
		</ClInclude>
		<ClInclude Include="..\..\ram\Utility\ramNodeIdentifer.h">
			<Filter>ram\Utility</Filter>
		</ClInclude>
		<ClInclude Include="..\..\ram\Utility\ramOscReciever.h">
			<Filter>ram\Utility</Filter>
		</ClInclude>
		<ClInclude Include="..\..\ram\Utility\ramSession.h">
			<Filter>ram\Utility</Filter>
		</ClInclude>
		<ClInclude Include="..\..\ram\Utility\ramTimeShifter.h">
			<Filter>ram\Utility</Filter>
		</ClInclude>
		<ClInclude Include="..\..\ram\Utility\ramUtils.h">
			<Filter>ram\Utility</Filter>
		</ClInclude>
	</ItemGroup>
	<ItemGroup>
		<ClCompile Include="..\..\ram\Core\ramActor.cpp">
			<Filter>ram\Core</Filter>
		</ClCompile>
		<ClCompile Include="..\..\ram\Core\ramActorManager.cpp">
			<Filter>ram\Core</Filter>
		</ClCompile>
		<ClCompile Include="..\..\ram\Core\ramBaseApp.cpp">
			<Filter>ram\Core</Filter>
		</ClCompile>
		<ClCompile Include="..\..\ram\Core\ramCameraManager.cpp">
			<Filter>ram\Core</Filter>
		</ClCompile>
		<ClCompile Include="..\..\ram\Core\ramSharedData.cpp">
			<Filter>ram\Core</Filter>
		</ClCompile>
		<ClCompile Include="..\..\ram\Graphics\ramGraphics.cpp">
			<Filter>ram\Graphics</Filter>
		</ClCompile>
		<ClCompile Include="..\..\ram\Graphics\ramNodeLine.cpp">
			<Filter>ram\Graphics</Filter>
		</ClCompile>
		<ClCompile Include="..\..\ram\Graphics\ramPrimitive.cpp">
			<Filter>ram\Graphics</Filter>
		</ClCompile>
		<ClCompile Include="..\..\ram\Graphics\ramSimpleShadow.cpp">
			<Filter>ram\Graphics</Filter>
		</ClCompile>
		<ClCompile Include="..\..\ram\Physics\ramPhysics.cpp">
			<Filter>ram\Physics</Filter>
		</ClCompile>
		<ClCompile Include="..\..\ram\Scene\ramSceneManager.cpp">
			<Filter>ram\Scene</Filter>
		</ClCompile>
		<ClCompile Include="..\..\ram\UI\ramControlPanel.cpp">
			<Filter>ram\UI</Filter>
		</ClCompile>
		<ClCompile Include="..\..\ram\Utility\ramCameraSettings.cpp">
			<Filter>ram\Utility</Filter>
		</ClCompile>
		<ClCompile Include="..\..\ram\Utility\ramUtils.cpp">
			<Filter>ram\Utility</Filter>
		</ClCompile>
		<ClCompile Include="..\..\..\addons\ofxBt\src\ofxBt.cpp">
			<Filter>addons\ofxBt\src</Filter>
		</ClCompile>
		<ClCompile Include="..\..\..\addons\ofxBt\src\ofxBtCollisionObject.cpp">
			<Filter>addons\ofxBt\src</Filter>
		</ClCompile>
		<ClCompile Include="..\..\..\addons\ofxBt\src\ofxBtHelper.cpp">
			<Filter>addons\ofxBt\src</Filter>
		</ClCompile>
		<ClCompile Include="..\..\..\addons\ofxBt\src\ofxBtJoint.cpp">
			<Filter>addons\ofxBt\src</Filter>
		</ClCompile>
		<ClCompile Include="..\..\..\addons\ofxBt\src\ofxBtRigidBody.cpp">
			<Filter>addons\ofxBt\src</Filter>
		</ClCompile>
		<ClCompile Include="..\..\..\addons\ofxBt\src\ofxBtSoftBody.cpp">
			<Filter>addons\ofxBt\src</Filter>
		</ClCompile>
		<ClCompile Include="..\..\..\addons\ofxBt\src\ofxBtSoftBodyWorld.cpp">
			<Filter>addons\ofxBt\src</Filter>
		</ClCompile>
		<ClCompile Include="..\..\..\addons\ofxBt\src\ofxBtWorld.cpp">
			<Filter>addons\ofxBt\src</Filter>
		</ClCompile>
		<ClCompile Include="..\..\..\addons\ofxInteractivePrimitives\src\ofxInteractivePrimitives.cpp">
			<Filter>addons\ofxInteractivePrimitives\src</Filter>
		</ClCompile>
		<ClCompile Include="..\..\..\addons\ofxInteractivePrimitives\src\ui\ofxIPPatcher.cpp">
			<Filter>addons\ofxInteractivePrimitives\src\ui</Filter>
		</ClCompile>
	</ItemGroup>
</Project>
