<?xml version="1.0" encoding="utf-8"?>
<Project ToolsVersion="4.0" xmlns="http://schemas.microsoft.com/developer/msbuild/2003">
  <ItemGroup>
    <Filter Include="src">
      <UniqueIdentifier>{1FAE665A-4C8D-6142-80EC-BA97DB3C7BD5}</UniqueIdentifier>
    </Filter>
    <Filter Include="src\EmptyScene">
      <UniqueIdentifier>{C072583D-C9BD-4B43-B390-23C24B2C6C82}</UniqueIdentifier>
    </Filter>
    <Filter Include="libs">
      <UniqueIdentifier>{8FDB937B-215B-CD43-B72E-F6EBF0B60FF8}</UniqueIdentifier>
    </Filter>
    <Filter Include="libs\openFrameworks">
      <UniqueIdentifier>{FCBB87FB-B51D-0D41-B03D-EF44BDBDB929}</UniqueIdentifier>
    </Filter>
    <Filter Include="libs\openFrameworks\3d">
      <UniqueIdentifier>{9EF8D428-D66F-0A4C-A028-8144993B3DB2}</UniqueIdentifier>
    </Filter>
    <Filter Include="libs\openFrameworks\app">
      <UniqueIdentifier>{B0760F62-2A9B-4C43-A2DD-D6AFFBCD0C61}</UniqueIdentifier>
    </Filter>
    <Filter Include="libs\openFrameworks\communication">
      <UniqueIdentifier>{8B38F24E-BEAB-4343-963D-96D2EAFD88ED}</UniqueIdentifier>
    </Filter>
    <Filter Include="libs\openFrameworks\events">
      <UniqueIdentifier>{F0D3D361-C1CF-8547-92EA-A39C06741504}</UniqueIdentifier>
    </Filter>
    <Filter Include="libs\openFrameworks\gl">
      <UniqueIdentifier>{8285C68E-888D-3147-8D94-6CF9CDFF8199}</UniqueIdentifier>
    </Filter>
    <Filter Include="libs\openFrameworks\graphics">
      <UniqueIdentifier>{B63A9994-517A-A942-90FC-232DD696EBC3}</UniqueIdentifier>
    </Filter>
    <Filter Include="libs\openFrameworks\math">
      <UniqueIdentifier>{D700EA4F-9087-FC41-BF7A-7135F7D074A2}</UniqueIdentifier>
    </Filter>
    <Filter Include="libs\openFrameworks\sound">
      <UniqueIdentifier>{FB4CE3E6-D501-894F-B806-CEC1C2FC990A}</UniqueIdentifier>
    </Filter>
    <Filter Include="libs\openFrameworks\types">
      <UniqueIdentifier>{B3DADB67-67F9-D04A-9872-752299916A31}</UniqueIdentifier>
    </Filter>
    <Filter Include="libs\openFrameworks\utils">
      <UniqueIdentifier>{A488C93F-6A9B-204F-97CD-B13773EDFD05}</UniqueIdentifier>
    </Filter>
    <Filter Include="libs\openFrameworks\video">
      <UniqueIdentifier>{DDF7EBF5-5EA9-EB4F-A615-FB68E5E96559}</UniqueIdentifier>
    </Filter>
    <Filter Include="libs\ram">
      <UniqueIdentifier>{87D88D30-7355-244E-BE7F-67800189C614}</UniqueIdentifier>
    </Filter>
    <Filter Include="libs\ram\Core">
      <UniqueIdentifier>{EFA8690F-F4AC-5441-ADBB-48CDE2899604}</UniqueIdentifier>
    </Filter>
    <Filter Include="libs\ram\Event">
      <UniqueIdentifier>{8BEA135F-6630-A442-B3F4-A9CB044A289C}</UniqueIdentifier>
    </Filter>
    <Filter Include="libs\ram\Filter">
      <UniqueIdentifier>{1AECD408-D1BB-9C45-9201-2B5EA5E5CB74}</UniqueIdentifier>
    </Filter>
    <Filter Include="libs\ram\Graphics">
      <UniqueIdentifier>{2D57E197-2163-734C-B5B7-422EC0B724EB}</UniqueIdentifier>
    </Filter>
    <Filter Include="libs\ram\Physics">
      <UniqueIdentifier>{E34119BB-C847-E640-A606-0839B4456C56}</UniqueIdentifier>
    </Filter>
    <Filter Include="libs\ram\Scene">
      <UniqueIdentifier>{FFAF8F7A-187E-2A42-A719-F78A59450A9C}</UniqueIdentifier>
    </Filter>
    <Filter Include="libs\ram\UI">
      <UniqueIdentifier>{A084D8C0-41C8-9241-9F43-735F16393271}</UniqueIdentifier>
    </Filter>
    <Filter Include="libs\ram\Utility">
      <UniqueIdentifier>{311E6D08-2ABF-C442-B724-DF1DE8186797}</UniqueIdentifier>
    </Filter>
    <Filter Include="addons">
      <UniqueIdentifier>{1BC1F67E-2044-3E46-BC48-F5DF9918F078}</UniqueIdentifier>
    </Filter>
    <Filter Include="addons\ofxBt">
      <UniqueIdentifier>{FE98E1D5-4593-BF46-84B9-243B5944D226}</UniqueIdentifier>
    </Filter>
    <Filter Include="addons\ofxBt\src">
      <UniqueIdentifier>{8438E089-2978-D340-AF22-227A5388CDC1}</UniqueIdentifier>
    </Filter>
    <Filter Include="addons\ofxInteractivePrimitives">
      <UniqueIdentifier>{857FB83E-1E63-D041-B1FF-1B08F80D77E5}</UniqueIdentifier>
    </Filter>
    <Filter Include="addons\ofxInteractivePrimitives\src">
      <UniqueIdentifier>{3501B2B6-134D-7A4B-B7A9-30DC93715548}</UniqueIdentifier>
    </Filter>
    <Filter Include="addons\ofxInteractivePrimitives\src\ui">
      <UniqueIdentifier>{C0D8F7AB-5C1F-124D-8C09-973D3E8C6313}</UniqueIdentifier>
    </Filter>
    <Filter Include="addons\ofxUI">
      <UniqueIdentifier>{1755B619-9DA7-CE49-8BF8-D73953A0EE9C}</UniqueIdentifier>
    </Filter>
    <Filter Include="addons\ofxUI\src">
      <UniqueIdentifier>{796FCFB0-F547-D347-82B8-51FDD61FA6AE}</UniqueIdentifier>
    </Filter>
    <Filter Include="addons\ofxUITabbedCanvas">
      <UniqueIdentifier>{CEB4B407-6E8D-8042-AF93-B084B8A2311F}</UniqueIdentifier>
    </Filter>
    <Filter Include="addons\ofxOsc">
      <UniqueIdentifier>{9333CC1B-58E6-B248-9BB1-85DBFCFBF17D}</UniqueIdentifier>
    </Filter>
    <Filter Include="addons\ofxOsc\libs">
      <UniqueIdentifier>{9DBC5E9B-0830-D147-BE22-E62007BD9BCA}</UniqueIdentifier>
    </Filter>
    <Filter Include="addons\ofxOsc\libs\oscpack">
      <UniqueIdentifier>{DDA104C5-524F-3D49-B1F9-DCDA0E8DEF6B}</UniqueIdentifier>
    </Filter>
    <Filter Include="addons\ofxOsc\libs\oscpack\src">
      <UniqueIdentifier>{9263DBCA-DEC7-BB4C-96D6-2C7DBA4D31A4}</UniqueIdentifier>
    </Filter>
    <Filter Include="addons\ofxOsc\libs\oscpack\src\ip">
      <UniqueIdentifier>{63F0EF72-2363-C046-A8AE-6CE875D11B32}</UniqueIdentifier>
    </Filter>
    <Filter Include="addons\ofxOsc\libs\oscpack\src\osc">
      <UniqueIdentifier>{7B15DEF1-FAA3-294B-B3B8-FD8D2EF46A31}</UniqueIdentifier>
    </Filter>
    <Filter Include="addons\ofxOsc\src">
      <UniqueIdentifier>{B5101281-16B3-5E48-A8FD-D6B87943E4C9}</UniqueIdentifier>
    </Filter>
    <Filter Include="addons\ofxOsc\libs\oscpack\src\ip\posix">
      <UniqueIdentifier>{4C8F3254-2C15-CE46-847B-F325EE2A02D3}</UniqueIdentifier>
    </Filter>
    <Filter Include="addons\ofxOsc\libs\oscpack\src\ip\win32">
      <UniqueIdentifier>{4CDD89AC-4449-C642-B369-534FDCDEFFF4}</UniqueIdentifier>
    </Filter>
    <Filter Include="addons\ofxXmlSettings">
      <UniqueIdentifier>{4C6503AA-CBE7-5942-8CC9-A963EAF8B750}</UniqueIdentifier>
    </Filter>
    <Filter Include="addons\ofxXmlSettings\libs">
      <UniqueIdentifier>{42EE2DAD-9A94-5D4B-9028-268BD307805C}</UniqueIdentifier>
    </Filter>
    <Filter Include="addons\ofxXmlSettings\src">
      <UniqueIdentifier>{F31C0A06-FE84-4940-8971-EF31F75A6EE7}</UniqueIdentifier>
    </Filter>
  </ItemGroup>
  <ItemGroup>
    <ClInclude Include="src\testApp.h">
      <Filter>src</Filter>
    </ClInclude>
    <ClInclude Include="src\EmptyScene\EmptyScene.h">
      <Filter>src\EmptyScene</Filter>
    </ClInclude>
    <ClInclude Include="..\..\..\libs\openFrameworks\ofMain.h">
      <Filter>libs\openFrameworks</Filter>
    </ClInclude>
    <ClInclude Include="..\..\..\libs\openFrameworks\3d\of3dUtils.h">
      <Filter>libs\openFrameworks\3d</Filter>
    </ClInclude>
    <ClInclude Include="..\..\..\libs\openFrameworks\3d\ofCamera.h">
      <Filter>libs\openFrameworks\3d</Filter>
    </ClInclude>
    <ClInclude Include="..\..\..\libs\openFrameworks\3d\ofEasyCam.h">
      <Filter>libs\openFrameworks\3d</Filter>
    </ClInclude>
    <ClInclude Include="..\..\..\libs\openFrameworks\3d\ofMesh.h">
      <Filter>libs\openFrameworks\3d</Filter>
    </ClInclude>
    <ClInclude Include="..\..\..\libs\openFrameworks\3d\ofNode.h">
      <Filter>libs\openFrameworks\3d</Filter>
    </ClInclude>
    <ClInclude Include="..\..\..\libs\openFrameworks\app\ofAppBaseWindow.h">
      <Filter>libs\openFrameworks\app</Filter>
    </ClInclude>
    <ClInclude Include="..\..\..\libs\openFrameworks\app\ofAppGlutWindow.h">
      <Filter>libs\openFrameworks\app</Filter>
    </ClInclude>
    <ClInclude Include="..\..\..\libs\openFrameworks\app\ofAppRunner.h">
      <Filter>libs\openFrameworks\app</Filter>
    </ClInclude>
    <ClInclude Include="..\..\..\libs\openFrameworks\app\ofBaseApp.h">
      <Filter>libs\openFrameworks\app</Filter>
    </ClInclude>
    <ClInclude Include="..\..\..\libs\openFrameworks\communication\ofArduino.h">
      <Filter>libs\openFrameworks\communication</Filter>
    </ClInclude>
    <ClInclude Include="..\..\..\libs\openFrameworks\communication\ofSerial.h">
      <Filter>libs\openFrameworks\communication</Filter>
    </ClInclude>
    <ClInclude Include="..\..\..\libs\openFrameworks\events\ofEvents.h">
      <Filter>libs\openFrameworks\events</Filter>
    </ClInclude>
    <ClInclude Include="..\..\..\libs\openFrameworks\events\ofEventUtils.h">
      <Filter>libs\openFrameworks\events</Filter>
    </ClInclude>
    <ClInclude Include="..\..\..\libs\openFrameworks\gl\ofFbo.h">
      <Filter>libs\openFrameworks\gl</Filter>
    </ClInclude>
    <ClInclude Include="..\..\..\libs\openFrameworks\gl\ofGLRenderer.h">
      <Filter>libs\openFrameworks\gl</Filter>
    </ClInclude>
    <ClInclude Include="..\..\..\libs\openFrameworks\gl\ofGLUtils.h">
      <Filter>libs\openFrameworks\gl</Filter>
    </ClInclude>
    <ClInclude Include="..\..\..\libs\openFrameworks\gl\ofLight.h">
      <Filter>libs\openFrameworks\gl</Filter>
    </ClInclude>
    <ClInclude Include="..\..\..\libs\openFrameworks\gl\ofMaterial.h">
      <Filter>libs\openFrameworks\gl</Filter>
    </ClInclude>
    <ClInclude Include="..\..\..\libs\openFrameworks\gl\ofShader.h">
      <Filter>libs\openFrameworks\gl</Filter>
    </ClInclude>
    <ClInclude Include="..\..\..\libs\openFrameworks\gl\ofTexture.h">
      <Filter>libs\openFrameworks\gl</Filter>
    </ClInclude>
    <ClInclude Include="..\..\..\libs\openFrameworks\gl\ofVbo.h">
      <Filter>libs\openFrameworks\gl</Filter>
    </ClInclude>
    <ClInclude Include="..\..\..\libs\openFrameworks\gl\ofVboMesh.h">
      <Filter>libs\openFrameworks\gl</Filter>
    </ClInclude>
    <ClInclude Include="..\..\..\libs\openFrameworks\graphics\ofBitmapFont.h">
      <Filter>libs\openFrameworks\graphics</Filter>
    </ClInclude>
    <ClInclude Include="..\..\..\libs\openFrameworks\graphics\ofCairoRenderer.h">
      <Filter>libs\openFrameworks\graphics</Filter>
    </ClInclude>
    <ClInclude Include="..\..\..\libs\openFrameworks\graphics\ofGraphics.h">
      <Filter>libs\openFrameworks\graphics</Filter>
    </ClInclude>
    <ClInclude Include="..\..\..\libs\openFrameworks\graphics\ofImage.h">
      <Filter>libs\openFrameworks\graphics</Filter>
    </ClInclude>
    <ClInclude Include="..\..\..\libs\openFrameworks\graphics\ofPath.h">
      <Filter>libs\openFrameworks\graphics</Filter>
    </ClInclude>
    <ClInclude Include="..\..\..\libs\openFrameworks\graphics\ofPixels.h">
      <Filter>libs\openFrameworks\graphics</Filter>
    </ClInclude>
    <ClInclude Include="..\..\..\libs\openFrameworks\graphics\ofPolyline.h">
      <Filter>libs\openFrameworks\graphics</Filter>
    </ClInclude>
    <ClInclude Include="..\..\..\libs\openFrameworks\graphics\ofRendererCollection.h">
      <Filter>libs\openFrameworks\graphics</Filter>
    </ClInclude>
    <ClInclude Include="..\..\..\libs\openFrameworks\graphics\ofTessellator.h">
      <Filter>libs\openFrameworks\graphics</Filter>
    </ClInclude>
    <ClInclude Include="..\..\..\libs\openFrameworks\graphics\ofTrueTypeFont.h">
      <Filter>libs\openFrameworks\graphics</Filter>
    </ClInclude>
    <ClInclude Include="..\..\..\libs\openFrameworks\math\ofMath.h">
      <Filter>libs\openFrameworks\math</Filter>
    </ClInclude>
    <ClInclude Include="..\..\..\libs\openFrameworks\math\ofMatrix3x3.h">
      <Filter>libs\openFrameworks\math</Filter>
    </ClInclude>
    <ClInclude Include="..\..\..\libs\openFrameworks\math\ofMatrix4x4.h">
      <Filter>libs\openFrameworks\math</Filter>
    </ClInclude>
    <ClInclude Include="..\..\..\libs\openFrameworks\math\ofQuaternion.h">
      <Filter>libs\openFrameworks\math</Filter>
    </ClInclude>
    <ClInclude Include="..\..\..\libs\openFrameworks\math\ofVec2f.h">
      <Filter>libs\openFrameworks\math</Filter>
    </ClInclude>
    <ClInclude Include="..\..\..\libs\openFrameworks\math\ofVec3f.h">
      <Filter>libs\openFrameworks\math</Filter>
    </ClInclude>
    <ClInclude Include="..\..\..\libs\openFrameworks\math\ofVec4f.h">
      <Filter>libs\openFrameworks\math</Filter>
    </ClInclude>
    <ClInclude Include="..\..\..\libs\openFrameworks\math\ofVectorMath.h">
      <Filter>libs\openFrameworks\math</Filter>
    </ClInclude>
    <ClInclude Include="..\..\..\libs\openFrameworks\sound\ofBaseSoundPlayer.h">
      <Filter>libs\openFrameworks\sound</Filter>
    </ClInclude>
    <ClInclude Include="..\..\..\libs\openFrameworks\sound\ofBaseSoundStream.h">
      <Filter>libs\openFrameworks\sound</Filter>
    </ClInclude>
    <ClInclude Include="..\..\..\libs\openFrameworks\sound\ofFmodSoundPlayer.h">
      <Filter>libs\openFrameworks\sound</Filter>
    </ClInclude>
    <ClInclude Include="..\..\..\libs\openFrameworks\sound\ofOpenALSoundPlayer.h">
      <Filter>libs\openFrameworks\sound</Filter>
    </ClInclude>
    <ClInclude Include="..\..\..\libs\openFrameworks\sound\ofPASoundStream.h">
      <Filter>libs\openFrameworks\sound</Filter>
    </ClInclude>
    <ClInclude Include="..\..\..\libs\openFrameworks\sound\ofRtAudioSoundStream.h">
      <Filter>libs\openFrameworks\sound</Filter>
    </ClInclude>
    <ClInclude Include="..\..\..\libs\openFrameworks\sound\ofSoundPlayer.h">
      <Filter>libs\openFrameworks\sound</Filter>
    </ClInclude>
    <ClInclude Include="..\..\..\libs\openFrameworks\sound\ofSoundStream.h">
      <Filter>libs\openFrameworks\sound</Filter>
    </ClInclude>
    <ClInclude Include="..\..\..\libs\openFrameworks\types\ofBaseTypes.h">
      <Filter>libs\openFrameworks\types</Filter>
    </ClInclude>
    <ClInclude Include="..\..\..\libs\openFrameworks\types\ofColor.h">
      <Filter>libs\openFrameworks\types</Filter>
    </ClInclude>
    <ClInclude Include="..\..\..\libs\openFrameworks\types\ofPoint.h">
      <Filter>libs\openFrameworks\types</Filter>
    </ClInclude>
    <ClInclude Include="..\..\..\libs\openFrameworks\types\ofRectangle.h">
      <Filter>libs\openFrameworks\types</Filter>
    </ClInclude>
    <ClInclude Include="..\..\..\libs\openFrameworks\types\ofTypes.h">
      <Filter>libs\openFrameworks\types</Filter>
    </ClInclude>
    <ClInclude Include="..\..\..\libs\openFrameworks\utils\ofConstants.h">
      <Filter>libs\openFrameworks\utils</Filter>
    </ClInclude>
    <ClInclude Include="..\..\..\libs\openFrameworks\utils\ofFileUtils.h">
      <Filter>libs\openFrameworks\utils</Filter>
    </ClInclude>
    <ClInclude Include="..\..\..\libs\openFrameworks\utils\ofLog.h">
      <Filter>libs\openFrameworks\utils</Filter>
    </ClInclude>
    <ClInclude Include="..\..\..\libs\openFrameworks\utils\ofNoise.h">
      <Filter>libs\openFrameworks\utils</Filter>
    </ClInclude>
    <ClInclude Include="..\..\..\libs\openFrameworks\utils\ofSystemUtils.h">
      <Filter>libs\openFrameworks\utils</Filter>
    </ClInclude>
    <ClInclude Include="..\..\..\libs\openFrameworks\utils\ofThread.h">
      <Filter>libs\openFrameworks\utils</Filter>
    </ClInclude>
    <ClInclude Include="..\..\..\libs\openFrameworks\utils\ofURLFileLoader.h">
      <Filter>libs\openFrameworks\utils</Filter>
    </ClInclude>
    <ClInclude Include="..\..\..\libs\openFrameworks\utils\ofUtils.h">
      <Filter>libs\openFrameworks\utils</Filter>
    </ClInclude>
    <ClInclude Include="..\..\..\libs\openFrameworks\video\ofDirectShowGrabber.h">
      <Filter>libs\openFrameworks\video</Filter>
    </ClInclude>
    <ClInclude Include="..\..\..\libs\openFrameworks\video\ofGstUtils.h">
      <Filter>libs\openFrameworks\video</Filter>
    </ClInclude>
    <ClInclude Include="..\..\..\libs\openFrameworks\video\ofGstVideoGrabber.h">
      <Filter>libs\openFrameworks\video</Filter>
    </ClInclude>
    <ClInclude Include="..\..\..\libs\openFrameworks\video\ofGstVideoPlayer.h">
      <Filter>libs\openFrameworks\video</Filter>
    </ClInclude>
    <ClInclude Include="..\..\..\libs\openFrameworks\video\ofQTKitGrabber.h">
      <Filter>libs\openFrameworks\video</Filter>
    </ClInclude>
    <ClInclude Include="..\..\..\libs\openFrameworks\video\ofQTKitMovieRenderer.h">
      <Filter>libs\openFrameworks\video</Filter>
    </ClInclude>
    <ClInclude Include="..\..\..\libs\openFrameworks\video\ofQTKitPlayer.h">
      <Filter>libs\openFrameworks\video</Filter>
    </ClInclude>
    <ClInclude Include="..\..\..\libs\openFrameworks\video\ofQtUtils.h">
      <Filter>libs\openFrameworks\video</Filter>
    </ClInclude>
    <ClInclude Include="..\..\..\libs\openFrameworks\video\ofQuickTimeGrabber.h">
      <Filter>libs\openFrameworks\video</Filter>
    </ClInclude>
    <ClInclude Include="..\..\..\libs\openFrameworks\video\ofQuickTimePlayer.h">
      <Filter>libs\openFrameworks\video</Filter>
    </ClInclude>
    <ClInclude Include="..\..\..\libs\openFrameworks\video\ofVideoGrabber.h">
      <Filter>libs\openFrameworks\video</Filter>
    </ClInclude>
    <ClInclude Include="..\..\..\libs\openFrameworks\video\ofVideoPlayer.h">
      <Filter>libs\openFrameworks\video</Filter>
    </ClInclude>
    <ClInclude Include="..\..\libs\ram\ramMain.h">
      <Filter>libs\ram</Filter>
    </ClInclude>
    <ClInclude Include="..\..\libs\ram\Core\ramActor.h">
      <Filter>libs\ram\Core</Filter>
    </ClInclude>
    <ClInclude Include="..\..\libs\ram\Core\ramActorManager.h">
      <Filter>libs\ram\Core</Filter>
    </ClInclude>
    <ClInclude Include="..\..\libs\ram\Core\ramBaseApp.h">
      <Filter>libs\ram\Core</Filter>
    </ClInclude>
    <ClInclude Include="..\..\libs\ram\Core\ramCameraManager.h">
      <Filter>libs\ram\Core</Filter>
    </ClInclude>
    <ClInclude Include="..\..\libs\ram\Core\ramConstants.h">
      <Filter>libs\ram\Core</Filter>
    </ClInclude>
    <ClInclude Include="..\..\libs\ram\Core\ramGlobal.h">
      <Filter>libs\ram\Core</Filter>
    </ClInclude>
    <ClInclude Include="..\..\libs\ram\Event\ramBaseEvent.h">
      <Filter>libs\ram\Event</Filter>
    </ClInclude>
    <ClInclude Include="..\..\libs\ram\Event\ramCollisionEvent.h">
      <Filter>libs\ram\Event</Filter>
    </ClInclude>
    <ClInclude Include="..\..\libs\ram\Event\ramTimeEvent.h">
      <Filter>libs\ram\Event</Filter>
    </ClInclude>
    <ClInclude Include="..\..\libs\ram\Filter\ramAnalyzer.h">
      <Filter>libs\ram\Filter</Filter>
    </ClInclude>
    <ClInclude Include="..\..\libs\ram\Filter\ramBaseFilter.h">
      <Filter>libs\ram\Filter</Filter>
    </ClInclude>
    <ClInclude Include="..\..\libs\ram\Filter\ramExpansion.h">
      <Filter>libs\ram\Filter</Filter>
    </ClInclude>
    <ClInclude Include="..\..\libs\ram\Filter\ramGhost.h">
      <Filter>libs\ram\Filter</Filter>
    </ClInclude>
    <ClInclude Include="..\..\libs\ram\Filter\ramLowPassFilter.h">
      <Filter>libs\ram\Filter</Filter>
    </ClInclude>
    <ClInclude Include="..\..\libs\ram\Filter\ramNodeTransform.h">
      <Filter>libs\ram\Filter</Filter>
    </ClInclude>
    <ClInclude Include="..\..\libs\ram\Filter\ramPendulum.h">
      <Filter>libs\ram\Filter</Filter>
    </ClInclude>
    <ClInclude Include="..\..\libs\ram\Filter\ramSession.h">
      <Filter>libs\ram\Filter</Filter>
    </ClInclude>
    <ClInclude Include="..\..\libs\ram\Filter\ramStamp.h">
      <Filter>libs\ram\Filter</Filter>
    </ClInclude>
    <ClInclude Include="..\..\libs\ram\Filter\ramTimeFilter.h">
      <Filter>libs\ram\Filter</Filter>
    </ClInclude>
    <ClInclude Include="..\..\libs\ram\Filter\ramUpsideDown.h">
      <Filter>libs\ram\Filter</Filter>
    </ClInclude>
    <ClInclude Include="..\..\libs\ram\Graphics\ramGraphics.h">
      <Filter>libs\ram\Graphics</Filter>
    </ClInclude>
    <ClInclude Include="..\..\libs\ram\Graphics\ramGraphView.h">
      <Filter>libs\ram\Graphics</Filter>
    </ClInclude>
    <ClInclude Include="..\..\libs\ram\Graphics\ramNodeLine.h">
      <Filter>libs\ram\Graphics</Filter>
    </ClInclude>
    <ClInclude Include="..\..\libs\ram\Graphics\ramPrimitive.h">
      <Filter>libs\ram\Graphics</Filter>
    </ClInclude>
    <ClInclude Include="..\..\libs\ram\Graphics\ramSimpleShadow.h">
      <Filter>libs\ram\Graphics</Filter>
    </ClInclude>
    <ClInclude Include="..\..\libs\ram\Graphics\ramSoftBodyPrimitive.h">
      <Filter>libs\ram\Graphics</Filter>
    </ClInclude>
    <ClInclude Include="..\..\libs\ram\Physics\ramPhysics.h">
      <Filter>libs\ram\Physics</Filter>
    </ClInclude>
    <ClInclude Include="..\..\libs\ram\Scene\ramBaseScene.h">
      <Filter>libs\ram\Scene</Filter>
    </ClInclude>
    <ClInclude Include="..\..\libs\ram\Scene\ramSceneManager.h">
      <Filter>libs\ram\Scene</Filter>
    </ClInclude>
    <ClInclude Include="..\..\libs\ram\UI\ramControllable.h">
      <Filter>libs\ram\UI</Filter>
    </ClInclude>
    <ClInclude Include="..\..\libs\ram\UI\ramControlPanel.h">
      <Filter>libs\ram\UI</Filter>
    </ClInclude>
    <ClInclude Include="..\..\libs\ram\UI\ramControlPanelBase.h">
      <Filter>libs\ram\UI</Filter>
    </ClInclude>
    <ClInclude Include="..\..\libs\ram\UI\ramOfxUIControlPanel.h">
      <Filter>libs\ram\UI</Filter>
    </ClInclude>
    <ClInclude Include="..\..\libs\ram\UI\ramSceneTabs.h">
      <Filter>libs\ram\UI</Filter>
    </ClInclude>
    <ClInclude Include="..\..\libs\ram\Utility\ramCameraSettings.h">
      <Filter>libs\ram\Utility</Filter>
    </ClInclude>
    <ClInclude Include="..\..\libs\ram\Utility\ramNodeArrayBuffer.h">
      <Filter>libs\ram\Utility</Filter>
    </ClInclude>
    <ClInclude Include="..\..\libs\ram\Utility\ramNodeFinder.h">
      <Filter>libs\ram\Utility</Filter>
    </ClInclude>
    <ClInclude Include="..\..\libs\ram\Utility\ramNodeIdentifer.h">
      <Filter>libs\ram\Utility</Filter>
    </ClInclude>
    <ClInclude Include="..\..\libs\ram\Utility\ramSession.h">
      <Filter>libs\ram\Utility</Filter>
    </ClInclude>
    <ClInclude Include="..\..\libs\ram\Utility\ramTimeShifter.h">
      <Filter>libs\ram\Utility</Filter>
    </ClInclude>
    <ClInclude Include="..\..\libs\ram\Utility\ramUtils.h">
      <Filter>libs\ram\Utility</Filter>
    </ClInclude>
    <ClInclude Include="..\..\addons\ofxBt\src\ofxBt.h">
      <Filter>addons\ofxBt\src</Filter>
    </ClInclude>
    <ClInclude Include="..\..\addons\ofxBt\src\ofxBtCollisionObject.h">
      <Filter>addons\ofxBt\src</Filter>
    </ClInclude>
    <ClInclude Include="..\..\addons\ofxBt\src\ofxBtHelper.h">
      <Filter>addons\ofxBt\src</Filter>
    </ClInclude>
    <ClInclude Include="..\..\addons\ofxBt\src\ofxBtJoint.h">
      <Filter>addons\ofxBt\src</Filter>
    </ClInclude>
    <ClInclude Include="..\..\addons\ofxBt\src\ofxBtRender.h">
      <Filter>addons\ofxBt\src</Filter>
    </ClInclude>
    <ClInclude Include="..\..\addons\ofxBt\src\ofxBtRigidBody.h">
      <Filter>addons\ofxBt\src</Filter>
    </ClInclude>
    <ClInclude Include="..\..\addons\ofxBt\src\ofxBtSoftBody.h">
      <Filter>addons\ofxBt\src</Filter>
    </ClInclude>
    <ClInclude Include="..\..\addons\ofxBt\src\ofxBtSoftBodyWorld.h">
      <Filter>addons\ofxBt\src</Filter>
    </ClInclude>
    <ClInclude Include="..\..\addons\ofxBt\src\ofxBtWorld.h">
      <Filter>addons\ofxBt\src</Filter>
    </ClInclude>
    <ClInclude Include="..\..\addons\ofxInteractivePrimitives\src\ofxInteractivePrimitives.h">
      <Filter>addons\ofxInteractivePrimitives\src</Filter>
    </ClInclude>
    <ClInclude Include="..\..\addons\ofxInteractivePrimitives\src\ui\ofxIPBaseElement.h">
      <Filter>addons\ofxInteractivePrimitives\src\ui</Filter>
    </ClInclude>
    <ClInclude Include="..\..\addons\ofxInteractivePrimitives\src\ui\ofxIPButton.h">
      <Filter>addons\ofxInteractivePrimitives\src\ui</Filter>
    </ClInclude>
    <ClInclude Include="..\..\addons\ofxInteractivePrimitives\src\ui\ofxIPMarker.h">
      <Filter>addons\ofxInteractivePrimitives\src\ui</Filter>
    </ClInclude>
    <ClInclude Include="..\..\addons\ofxInteractivePrimitives\src\ui\ofxIPPatcher.h">
      <Filter>addons\ofxInteractivePrimitives\src\ui</Filter>
    </ClInclude>
    <ClInclude Include="..\..\addons\ofxInteractivePrimitives\src\ui\ofxIPStringBox.h">
      <Filter>addons\ofxInteractivePrimitives\src\ui</Filter>
    </ClInclude>
    <ClInclude Include="..\..\addons\ofxUI\src\ofxUI.h">
      <Filter>addons\ofxUI\src</Filter>
    </ClInclude>
    <ClInclude Include="..\..\addons\ofxUI\src\ofxUI2DPad.h">
      <Filter>addons\ofxUI\src</Filter>
    </ClInclude>
    <ClInclude Include="..\..\addons\ofxUI\src\ofxUIBaseDraws.h">
      <Filter>addons\ofxUI\src</Filter>
    </ClInclude>
    <ClInclude Include="..\..\addons\ofxUI\src\ofxUIBiLabelSlider.h">
      <Filter>addons\ofxUI\src</Filter>
    </ClInclude>
    <ClInclude Include="..\..\addons\ofxUI\src\ofxUIButton.h">
      <Filter>addons\ofxUI\src</Filter>
    </ClInclude>
    <ClInclude Include="..\..\addons\ofxUI\src\ofxUICanvas.h">
      <Filter>addons\ofxUI\src</Filter>
    </ClInclude>
    <ClInclude Include="..\..\addons\ofxUI\src\ofxUICircleSlider.h">
      <Filter>addons\ofxUI\src</Filter>
    </ClInclude>
    <ClInclude Include="..\..\addons\ofxUI\src\ofxUICustomImageButton.h">
      <Filter>addons\ofxUI\src</Filter>
    </ClInclude>
    <ClInclude Include="..\..\addons\ofxUI\src\ofxUIDropDownList.h">
      <Filter>addons\ofxUI\src</Filter>
    </ClInclude>
    <ClInclude Include="..\..\addons\ofxUI\src\ofxUIEventArgs.h">
      <Filter>addons\ofxUI\src</Filter>
    </ClInclude>
    <ClInclude Include="..\..\addons\ofxUI\src\ofxUIFPS.h">
      <Filter>addons\ofxUI\src</Filter>
    </ClInclude>
    <ClInclude Include="..\..\addons\ofxUI\src\ofxUIFPSSlider.h">
      <Filter>addons\ofxUI\src</Filter>
    </ClInclude>
    <ClInclude Include="..\..\addons\ofxUI\src\ofxUIImage.h">
      <Filter>addons\ofxUI\src</Filter>
    </ClInclude>
    <ClInclude Include="..\..\addons\ofxUI\src\ofxUIImageButton.h">
      <Filter>addons\ofxUI\src</Filter>
    </ClInclude>
    <ClInclude Include="..\..\addons\ofxUI\src\ofxUIImageSampler.h">
      <Filter>addons\ofxUI\src</Filter>
    </ClInclude>
    <ClInclude Include="..\..\addons\ofxUI\src\ofxUIImageSlider.h">
      <Filter>addons\ofxUI\src</Filter>
    </ClInclude>
    <ClInclude Include="..\..\addons\ofxUI\src\ofxUIImageToggle.h">
      <Filter>addons\ofxUI\src</Filter>
    </ClInclude>
    <ClInclude Include="..\..\addons\ofxUI\src\ofxUILabel.h">
      <Filter>addons\ofxUI\src</Filter>
    </ClInclude>
    <ClInclude Include="..\..\addons\ofxUI\src\ofxUILabelButton.h">
      <Filter>addons\ofxUI\src</Filter>
    </ClInclude>
    <ClInclude Include="..\..\addons\ofxUI\src\ofxUILabelToggle.h">
      <Filter>addons\ofxUI\src</Filter>
    </ClInclude>
    <ClInclude Include="..\..\addons\ofxUI\src\ofxUIMinimalSlider.h">
      <Filter>addons\ofxUI\src</Filter>
    </ClInclude>
    <ClInclude Include="..\..\addons\ofxUI\src\ofxUIMovingGraph.h">
      <Filter>addons\ofxUI\src</Filter>
    </ClInclude>
    <ClInclude Include="..\..\addons\ofxUI\src\ofxUIMultiImageButton.h">
      <Filter>addons\ofxUI\src</Filter>
    </ClInclude>
    <ClInclude Include="..\..\addons\ofxUI\src\ofxUIMultiImageSlider.h">
      <Filter>addons\ofxUI\src</Filter>
    </ClInclude>
    <ClInclude Include="..\..\addons\ofxUI\src\ofxUIMultiImageToggle.h">
      <Filter>addons\ofxUI\src</Filter>
    </ClInclude>
    <ClInclude Include="..\..\addons\ofxUI\src\ofxUINumberDialer.h">
      <Filter>addons\ofxUI\src</Filter>
    </ClInclude>
    <ClInclude Include="..\..\addons\ofxUI\src\ofxUIRadio.h">
      <Filter>addons\ofxUI\src</Filter>
    </ClInclude>
    <ClInclude Include="..\..\addons\ofxUI\src\ofxUIRangeSlider.h">
      <Filter>addons\ofxUI\src</Filter>
    </ClInclude>
    <ClInclude Include="..\..\addons\ofxUI\src\ofxUIRectangle.h">
      <Filter>addons\ofxUI\src</Filter>
    </ClInclude>
    <ClInclude Include="..\..\addons\ofxUI\src\ofxUIRotarySlider.h">
      <Filter>addons\ofxUI\src</Filter>
    </ClInclude>
    <ClInclude Include="..\..\addons\ofxUI\src\ofxUIScrollableCanvas.h">
      <Filter>addons\ofxUI\src</Filter>
    </ClInclude>
    <ClInclude Include="..\..\addons\ofxUI\src\ofxUISlider.h">
      <Filter>addons\ofxUI\src</Filter>
    </ClInclude>
    <ClInclude Include="..\..\addons\ofxUI\src\ofxUISpacer.h">
      <Filter>addons\ofxUI\src</Filter>
    </ClInclude>
    <ClInclude Include="..\..\addons\ofxUI\src\ofxUISpectrum.h">
      <Filter>addons\ofxUI\src</Filter>
    </ClInclude>
    <ClInclude Include="..\..\addons\ofxUI\src\ofxUITextArea.h">
      <Filter>addons\ofxUI\src</Filter>
    </ClInclude>
    <ClInclude Include="..\..\addons\ofxUI\src\ofxUITextInput.h">
      <Filter>addons\ofxUI\src</Filter>
    </ClInclude>
    <ClInclude Include="..\..\addons\ofxUI\src\ofxUIToggle.h">
      <Filter>addons\ofxUI\src</Filter>
    </ClInclude>
    <ClInclude Include="..\..\addons\ofxUI\src\ofxUIToggleMatrix.h">
      <Filter>addons\ofxUI\src</Filter>
    </ClInclude>
    <ClInclude Include="..\..\addons\ofxUI\src\ofxUIWaveform.h">
      <Filter>addons\ofxUI\src</Filter>
    </ClInclude>
    <ClInclude Include="..\..\addons\ofxUI\src\ofxUIWidget.h">
      <Filter>addons\ofxUI\src</Filter>
    </ClInclude>
    <ClInclude Include="..\..\addons\ofxUI\src\ofxUIWidgetWithLabel.h">
      <Filter>addons\ofxUI\src</Filter>
    </ClInclude>
    <ClInclude Include="..\..\addons\ofxUITabbedCanvas\ofxUITabbedCanvas.h">
      <Filter>addons\ofxUITabbedCanvas</Filter>
    </ClInclude>
    <ClInclude Include="..\..\..\addons\ofxOsc\libs\oscpack\src\ip\IpEndpointName.h">
      <Filter>addons\ofxOsc\libs\oscpack\src\ip</Filter>
    </ClInclude>
    <ClInclude Include="..\..\..\addons\ofxOsc\libs\oscpack\src\ip\NetworkingUtils.h">
      <Filter>addons\ofxOsc\libs\oscpack\src\ip</Filter>
    </ClInclude>
    <ClInclude Include="..\..\..\addons\ofxOsc\libs\oscpack\src\ip\PacketListener.h">
      <Filter>addons\ofxOsc\libs\oscpack\src\ip</Filter>
    </ClInclude>
    <ClInclude Include="..\..\..\addons\ofxOsc\libs\oscpack\src\ip\TimerListener.h">
      <Filter>addons\ofxOsc\libs\oscpack\src\ip</Filter>
    </ClInclude>
    <ClInclude Include="..\..\..\addons\ofxOsc\libs\oscpack\src\ip\UdpSocket.h">
      <Filter>addons\ofxOsc\libs\oscpack\src\ip</Filter>
    </ClInclude>
    <ClInclude Include="..\..\..\addons\ofxOsc\libs\oscpack\src\osc\MessageMappingOscPacketListener.h">
      <Filter>addons\ofxOsc\libs\oscpack\src\osc</Filter>
    </ClInclude>
    <ClInclude Include="..\..\..\addons\ofxOsc\libs\oscpack\src\osc\OscException.h">
      <Filter>addons\ofxOsc\libs\oscpack\src\osc</Filter>
    </ClInclude>
    <ClInclude Include="..\..\..\addons\ofxOsc\libs\oscpack\src\osc\OscHostEndianness.h">
      <Filter>addons\ofxOsc\libs\oscpack\src\osc</Filter>
    </ClInclude>
    <ClInclude Include="..\..\..\addons\ofxOsc\libs\oscpack\src\osc\OscOutboundPacketStream.h">
      <Filter>addons\ofxOsc\libs\oscpack\src\osc</Filter>
    </ClInclude>
    <ClInclude Include="..\..\..\addons\ofxOsc\libs\oscpack\src\osc\OscPacketListener.h">
      <Filter>addons\ofxOsc\libs\oscpack\src\osc</Filter>
    </ClInclude>
    <ClInclude Include="..\..\..\addons\ofxOsc\libs\oscpack\src\osc\OscPrintReceivedElements.h">
      <Filter>addons\ofxOsc\libs\oscpack\src\osc</Filter>
    </ClInclude>
    <ClInclude Include="..\..\..\addons\ofxOsc\libs\oscpack\src\osc\OscReceivedElements.h">
      <Filter>addons\ofxOsc\libs\oscpack\src\osc</Filter>
    </ClInclude>
    <ClInclude Include="..\..\..\addons\ofxOsc\libs\oscpack\src\osc\OscTypes.h">
      <Filter>addons\ofxOsc\libs\oscpack\src\osc</Filter>
    </ClInclude>
    <ClInclude Include="..\..\..\addons\ofxOsc\src\ofxOsc.h">
      <Filter>addons\ofxOsc\src</Filter>
    </ClInclude>
    <ClInclude Include="..\..\..\addons\ofxOsc\src\ofxOscArg.h">
      <Filter>addons\ofxOsc\src</Filter>
    </ClInclude>
    <ClInclude Include="..\..\..\addons\ofxOsc\src\ofxOscBundle.h">
      <Filter>addons\ofxOsc\src</Filter>
    </ClInclude>
    <ClInclude Include="..\..\..\addons\ofxOsc\src\ofxOscMessage.h">
      <Filter>addons\ofxOsc\src</Filter>
    </ClInclude>
    <ClInclude Include="..\..\..\addons\ofxOsc\src\ofxOscReceiver.h">
      <Filter>addons\ofxOsc\src</Filter>
    </ClInclude>
    <ClInclude Include="..\..\..\addons\ofxOsc\src\ofxOscSender.h">
      <Filter>addons\ofxOsc\src</Filter>
    </ClInclude>
    <ClInclude Include="..\..\..\addons\ofxXmlSettings\libs\tinyxml.h">
      <Filter>addons\ofxXmlSettings\libs</Filter>
    </ClInclude>
    <ClInclude Include="..\..\..\addons\ofxXmlSettings\src\ofxXmlSettings.h">
      <Filter>addons\ofxXmlSettings\src</Filter>
    </ClInclude>
  </ItemGroup>
  <ItemGroup>
    <ClCompile Include="src\main.cpp">
      <Filter>src</Filter>
    </ClCompile>
    <ClCompile Include="src\testApp.cpp">
      <Filter>src</Filter>
    </ClCompile>
    <ClCompile Include="..\..\libs\ram\Core\ramActor.cpp">
      <Filter>libs\ram\Core</Filter>
    </ClCompile>
    <ClCompile Include="..\..\libs\ram\Core\ramActorManager.cpp">
      <Filter>libs\ram\Core</Filter>
    </ClCompile>
    <ClCompile Include="..\..\libs\ram\Core\ramBaseApp.cpp">
      <Filter>libs\ram\Core</Filter>
    </ClCompile>
    <ClCompile Include="..\..\libs\ram\Core\ramCameraManager.cpp">
      <Filter>libs\ram\Core</Filter>
    </ClCompile>
    <ClCompile Include="..\..\libs\ram\Core\ramGlobal.cpp">
      <Filter>libs\ram\Core</Filter>
    </ClCompile>
    <ClCompile Include="..\..\libs\ram\Graphics\ramGraphics.cpp">
      <Filter>libs\ram\Graphics</Filter>
    </ClCompile>
    <ClCompile Include="..\..\libs\ram\Graphics\ramNodeLine.cpp">
      <Filter>libs\ram\Graphics</Filter>
    </ClCompile>
    <ClCompile Include="..\..\libs\ram\Graphics\ramPrimitive.cpp">
      <Filter>libs\ram\Graphics</Filter>
    </ClCompile>
    <ClCompile Include="..\..\libs\ram\Graphics\ramSimpleShadow.cpp">
      <Filter>libs\ram\Graphics</Filter>
    </ClCompile>
    <ClCompile Include="..\..\libs\ram\Graphics\ramSoftBodyPrimitive.cpp">
      <Filter>libs\ram\Graphics</Filter>
    </ClCompile>
    <ClCompile Include="..\..\libs\ram\Physics\ramPhysics.cpp">
      <Filter>libs\ram\Physics</Filter>
    </ClCompile>
    <ClCompile Include="..\..\libs\ram\Scene\ramSceneManager.cpp">
      <Filter>libs\ram\Scene</Filter>
    </ClCompile>
    <ClCompile Include="..\..\libs\ram\UI\ramOfxUIControlPanel.cpp">
      <Filter>libs\ram\UI</Filter>
    </ClCompile>
    <ClCompile Include="..\..\libs\ram\Utility\ramCameraSettings.cpp">
      <Filter>libs\ram\Utility</Filter>
    </ClCompile>
    <ClCompile Include="..\..\libs\ram\Utility\ramUtils.cpp">
      <Filter>libs\ram\Utility</Filter>
    </ClCompile>
    <ClCompile Include="..\..\addons\ofxBt\src\ofxBt.cpp">
      <Filter>addons\ofxBt\src</Filter>
    </ClCompile>
    <ClCompile Include="..\..\addons\ofxBt\src\ofxBtCollisionObject.cpp">
      <Filter>addons\ofxBt\src</Filter>
    </ClCompile>
    <ClCompile Include="..\..\addons\ofxBt\src\ofxBtHelper.cpp">
      <Filter>addons\ofxBt\src</Filter>
    </ClCompile>
    <ClCompile Include="..\..\addons\ofxBt\src\ofxBtJoint.cpp">
      <Filter>addons\ofxBt\src</Filter>
    </ClCompile>
    <ClCompile Include="..\..\addons\ofxBt\src\ofxBtRigidBody.cpp">
      <Filter>addons\ofxBt\src</Filter>
    </ClCompile>
    <ClCompile Include="..\..\addons\ofxBt\src\ofxBtSoftBody.cpp">
      <Filter>addons\ofxBt\src</Filter>
    </ClCompile>
    <ClCompile Include="..\..\addons\ofxBt\src\ofxBtSoftBodyWorld.cpp">
      <Filter>addons\ofxBt\src</Filter>
    </ClCompile>
    <ClCompile Include="..\..\addons\ofxBt\src\ofxBtWorld.cpp">
      <Filter>addons\ofxBt\src</Filter>
    </ClCompile>
    <ClCompile Include="..\..\addons\ofxInteractivePrimitives\src\ofxInteractivePrimitives.cpp">
      <Filter>addons\ofxInteractivePrimitives\src</Filter>
    </ClCompile>
    <ClCompile Include="..\..\addons\ofxInteractivePrimitives\src\ui\ofxIPPatcher.cpp">
      <Filter>addons\ofxInteractivePrimitives\src\ui</Filter>
    </ClCompile>
    <ClCompile Include="..\..\addons\ofxUITabbedCanvas\ofxUITabbedCanvas.cpp">
      <Filter>addons\ofxUITabbedCanvas</Filter>
    </ClCompile>
    <ClCompile Include="..\..\..\addons\ofxOsc\libs\oscpack\src\ip\IpEndpointName.cpp">
      <Filter>addons\ofxOsc\libs\oscpack\src\ip</Filter>
    </ClCompile>
    <ClCompile Include="..\..\..\addons\ofxOsc\libs\oscpack\src\ip\posix\NetworkingUtils.cpp">
      <Filter>addons\ofxOsc\libs\oscpack\src\ip\posix</Filter>
    </ClCompile>
    <ClCompile Include="..\..\..\addons\ofxOsc\libs\oscpack\src\ip\posix\UdpSocket.cpp">
      <Filter>addons\ofxOsc\libs\oscpack\src\ip\posix</Filter>
    </ClCompile>
    <ClCompile Include="..\..\..\addons\ofxOsc\libs\oscpack\src\ip\win32\NetworkingUtilsWin.cpp">
      <Filter>addons\ofxOsc\libs\oscpack\src\ip\win32</Filter>
    </ClCompile>
    <ClCompile Include="..\..\..\addons\ofxOsc\libs\oscpack\src\ip\win32\UdpSocketWin.cpp">
      <Filter>addons\ofxOsc\libs\oscpack\src\ip\win32</Filter>
    </ClCompile>
    <ClCompile Include="..\..\..\addons\ofxOsc\libs\oscpack\src\osc\OscOutboundPacketStream.cpp">
      <Filter>addons\ofxOsc\libs\oscpack\src\osc</Filter>
    </ClCompile>
    <ClCompile Include="..\..\..\addons\ofxOsc\libs\oscpack\src\osc\OscPrintReceivedElements.cpp">
      <Filter>addons\ofxOsc\libs\oscpack\src\osc</Filter>
    </ClCompile>
    <ClCompile Include="..\..\..\addons\ofxOsc\libs\oscpack\src\osc\OscReceivedElements.cpp">
      <Filter>addons\ofxOsc\libs\oscpack\src\osc</Filter>
    </ClCompile>
    <ClCompile Include="..\..\..\addons\ofxOsc\libs\oscpack\src\osc\OscTypes.cpp">
      <Filter>addons\ofxOsc\libs\oscpack\src\osc</Filter>
    </ClCompile>
    <ClCompile Include="..\..\..\addons\ofxOsc\src\ofxOscBundle.cpp">
      <Filter>addons\ofxOsc\src</Filter>
    </ClCompile>
    <ClCompile Include="..\..\..\addons\ofxOsc\src\ofxOscMessage.cpp">
      <Filter>addons\ofxOsc\src</Filter>
    </ClCompile>
    <ClCompile Include="..\..\..\addons\ofxOsc\src\ofxOscReceiver.cpp">
      <Filter>addons\ofxOsc\src</Filter>
    </ClCompile>
    <ClCompile Include="..\..\..\addons\ofxOsc\src\ofxOscSender.cpp">
      <Filter>addons\ofxOsc\src</Filter>
    </ClCompile>
    <ClCompile Include="..\..\..\addons\ofxXmlSettings\libs\tinyxml.cpp">
      <Filter>addons\ofxXmlSettings\libs</Filter>
    </ClCompile>
    <ClCompile Include="..\..\..\addons\ofxXmlSettings\libs\tinyxmlerror.cpp">
      <Filter>addons\ofxXmlSettings\libs</Filter>
    </ClCompile>
    <ClCompile Include="..\..\..\addons\ofxXmlSettings\libs\tinyxmlparser.cpp">
      <Filter>addons\ofxXmlSettings\libs</Filter>
    </ClCompile>
    <ClCompile Include="..\..\..\addons\ofxXmlSettings\src\ofxXmlSettings.cpp">
      <Filter>addons\ofxXmlSettings\src</Filter>
    </ClCompile>
  </ItemGroup>
</Project>
